
Microsoft Visual Studio Solution File, Format Version 12.00
# Visual Studio Version 17
VisualStudioVersion = 17.14.36121.58 d17.14
MinimumVisualStudioVersion = 10.0.40219.1
Project("{FAE04EC0-301F-11D3-BF4B-00C04F79EFBC}") = "API_Lab1", "API_Lab1\API_Lab1.csproj", "{38C73EB8-D5D9-4B42-8272-F3EE57FB4759}"
EndProject
Global
	GlobalSection(SolutionConfigurationPlatforms) = preSolution
		Debug|Any CPU = Debug|Any CPU
		Release|Any CPU = Release|Any CPU
	EndGlobalSection
	GlobalSection(ProjectConfigurationPlatforms) = postSolution
		{38C73EB8-D5D9-4B42-8272-F3EE57FB4759}.Debug|Any CPU.ActiveCfg = Debug|Any CPU
		{38C73EB8-D5D9-4B42-8272-F3EE57FB4759}.Debug|Any CPU.Build.0 = Debug|Any CPU
		{38C73EB8-D5D9-4B42-8272-F3EE57FB4759}.Release|Any CPU.ActiveCfg = Release|Any CPU
		{38C73EB8-D5D9-4B42-8272-F3EE57FB4759}.Release|Any CPU.Build.0 = Release|Any CPU
	EndGlobalSection
	GlobalSection(SolutionProperties) = preSolution
		HideSolutionNode = FALSE
	EndGlobalSection
	GlobalSection(ExtensibilityGlobals) = postSolution
		SolutionGuid = {DD37BC91-2C28-4612-9375-36A25DE4C94B}
	EndGlobalSection
EndGlobal
